
Microsoft Visual Studio Solution File, Format Version 12.00
# Visual Studio Version 17
VisualStudioVersion = 17.12.35410.144 d17.12
MinimumVisualStudioVersion = 10.0.40219.1
Project("{FAE04EC0-301F-11D3-BF4B-00C04F79EFBC}") = "ProductManagementSystem", "ProductManagementSystem\ProductManagementSystem.csproj", "{C1506B22-06D7-46A2-BA64-907F03CED19C}"
EndProject
Project("{FAE04EC0-301F-11D3-BF4B-00C04F79EFBC}") = "ProductManagementSystem.Infrastructure", "ProductManagementSystem.Infrastructure\ProductManagementSystem.Infrastructure.csproj", "{CF827138-1988-453E-A2E4-8A5D210F1B5B}"
EndProject
Project("{FAE04EC0-301F-11D3-BF4B-00C04F79EFBC}") = "ProductManagementSystem.Application", "ProductManagementSystem.Application\ProductManagementSystem.Application.csproj", "{B9005C97-B57C-4B73-AF38-A76EE6B28B95}"
EndProject
Project("{FAE04EC0-301F-11D3-BF4B-00C04F79EFBC}") = "ProductManagementSystem.Domain", "ProductManagementSystem.Domain\ProductManagementSystem.Domain.csproj", "{331A3627-76AF-488D-A29A-5DFBF267D4C9}"
EndProject
Global
	GlobalSection(SolutionConfigurationPlatforms) = preSolution
		Debug|Any CPU = Debug|Any CPU
		Release|Any CPU = Release|Any CPU
	EndGlobalSection
	GlobalSection(ProjectConfigurationPlatforms) = postSolution
		{C1506B22-06D7-46A2-BA64-907F03CED19C}.Debug|Any CPU.ActiveCfg = Debug|Any CPU
		{C1506B22-06D7-46A2-BA64-907F03CED19C}.Debug|Any CPU.Build.0 = Debug|Any CPU
		{C1506B22-06D7-46A2-BA64-907F03CED19C}.Release|Any CPU.ActiveCfg = Release|Any CPU
		{C1506B22-06D7-46A2-BA64-907F03CED19C}.Release|Any CPU.Build.0 = Release|Any CPU
		{CF827138-1988-453E-A2E4-8A5D210F1B5B}.Debug|Any CPU.ActiveCfg = Debug|Any CPU
		{CF827138-1988-453E-A2E4-8A5D210F1B5B}.Debug|Any CPU.Build.0 = Debug|Any CPU
		{CF827138-1988-453E-A2E4-8A5D210F1B5B}.Release|Any CPU.ActiveCfg = Release|Any CPU
		{CF827138-1988-453E-A2E4-8A5D210F1B5B}.Release|Any CPU.Build.0 = Release|Any CPU
		{B9005C97-B57C-4B73-AF38-A76EE6B28B95}.Debug|Any CPU.ActiveCfg = Debug|Any CPU
		{B9005C97-B57C-4B73-AF38-A76EE6B28B95}.Debug|Any CPU.Build.0 = Debug|Any CPU
		{B9005C97-B57C-4B73-AF38-A76EE6B28B95}.Release|Any CPU.ActiveCfg = Release|Any CPU
		{B9005C97-B57C-4B73-AF38-A76EE6B28B95}.Release|Any CPU.Build.0 = Release|Any CPU
		{331A3627-76AF-488D-A29A-5DFBF267D4C9}.Debug|Any CPU.ActiveCfg = Debug|Any CPU
		{331A3627-76AF-488D-A29A-5DFBF267D4C9}.Debug|Any CPU.Build.0 = Debug|Any CPU
		{331A3627-76AF-488D-A29A-5DFBF267D4C9}.Release|Any CPU.ActiveCfg = Release|Any CPU
		{331A3627-76AF-488D-A29A-5DFBF267D4C9}.Release|Any CPU.Build.0 = Release|Any CPU
	EndGlobalSection
	GlobalSection(SolutionProperties) = preSolution
		HideSolutionNode = FALSE
	EndGlobalSection
EndGlobal
